// !$*UTF8*$!
{
	archiveVersion = 1;
	classes = {
	};
	objectVersion = 46;
	objects = {

/* Begin PBXBuildFile section */
		0674A2C71C536D9000FD85AD /* AppDelegate.swift in Sources */ = {isa = PBXBuildFile; fileRef = 0674A2C61C536D9000FD85AD /* AppDelegate.swift */; };
		0674A2C91C536D9000FD85AD /* SnakeViewController.swift in Sources */ = {isa = PBXBuildFile; fileRef = 0674A2C81C536D9000FD85AD /* SnakeViewController.swift */; };
		0674A2CC1C536D9000FD85AD /* Main.storyboard in Resources */ = {isa = PBXBuildFile; fileRef = 0674A2CA1C536D9000FD85AD /* Main.storyboard */; };
		0674A2CE1C536D9000FD85AD /* Assets.xcassets in Resources */ = {isa = PBXBuildFile; fileRef = 0674A2CD1C536D9000FD85AD /* Assets.xcassets */; };
		0674A2D11C536D9000FD85AD /* LaunchScreen.storyboard in Resources */ = {isa = PBXBuildFile; fileRef = 0674A2CF1C536D9000FD85AD /* LaunchScreen.storyboard */; };
		0674A2DC1C536D9000FD85AD /* snakeTests.swift in Sources */ = {isa = PBXBuildFile; fileRef = 0674A2DB1C536D9000FD85AD /* snakeTests.swift */; };
		0674A2E71C53746700FD85AD /* Food.swift in Sources */ = {isa = PBXBuildFile; fileRef = 0674A2E61C53746700FD85AD /* Food.swift */; };
		0674A2E91C53757000FD85AD /* Constants.swift in Sources */ = {isa = PBXBuildFile; fileRef = 0674A2E81C53757000FD85AD /* Constants.swift */; };
		0674A2EB1C55142B00FD85AD /* Snake.swift in Sources */ = {isa = PBXBuildFile; fileRef = 0674A2EA1C55142B00FD85AD /* Snake.swift */; };
		0674A2ED1C55E98100FD85AD /* ListBodyItem.swift in Sources */ = {isa = PBXBuildFile; fileRef = 0674A2EC1C55E98100FD85AD /* ListBodyItem.swift */; };
/* End PBXBuildFile section */

/* Begin PBXContainerItemProxy section */
		0674A2D81C536D9000FD85AD /* PBXContainerItemProxy */ = {
			isa = PBXContainerItemProxy;
			containerPortal = 0674A2BB1C536D9000FD85AD /* Project object */;
			proxyType = 1;
			remoteGlobalIDString = 0674A2C21C536D9000FD85AD;
			remoteInfo = snake;
		};
/* End PBXContainerItemProxy section */

/* Begin PBXFileReference section */
		0674A2C31C536D9000FD85AD /* snake.app */ = {isa = PBXFileReference; explicitFileType = wrapper.application; includeInIndex = 0; path = snake.app; sourceTree = BUILT_PRODUCTS_DIR; };
		0674A2C61C536D9000FD85AD /* AppDelegate.swift */ = {isa = PBXFileReference; lastKnownFileType = sourcecode.swift; path = AppDelegate.swift; sourceTree = "<group>"; };
		0674A2C81C536D9000FD85AD /* SnakeViewController.swift */ = {isa = PBXFileReference; lastKnownFileType = sourcecode.swift; path = SnakeViewController.swift; sourceTree = "<group>"; };
		0674A2CB1C536D9000FD85AD /* Base */ = {isa = PBXFileReference; lastKnownFileType = file.storyboard; name = Base; path = Base.lproj/Main.storyboard; sourceTree = "<group>"; };
		0674A2CD1C536D9000FD85AD /* Assets.xcassets */ = {isa = PBXFileReference; lastKnownFileType = folder.assetcatalog; path = Assets.xcassets; sourceTree = "<group>"; };
		0674A2D01C536D9000FD85AD /* Base */ = {isa = PBXFileReference; lastKnownFileType = file.storyboard; name = Base; path = Base.lproj/LaunchScreen.storyboard; sourceTree = "<group>"; };
		0674A2D21C536D9000FD85AD /* Info.plist */ = {isa = PBXFileReference; lastKnownFileType = text.plist.xml; path = Info.plist; sourceTree = "<group>"; };
		0674A2D71C536D9000FD85AD /* snakeTests.xctest */ = {isa = PBXFileReference; explicitFileType = wrapper.cfbundle; includeInIndex = 0; path = snakeTests.xctest; sourceTree = BUILT_PRODUCTS_DIR; };
		0674A2DB1C536D9000FD85AD /* snakeTests.swift */ = {isa = PBXFileReference; lastKnownFileType = sourcecode.swift; path = snakeTests.swift; sourceTree = "<group>"; };
		0674A2DD1C536D9000FD85AD /* Info.plist */ = {isa = PBXFileReference; lastKnownFileType = text.plist.xml; path = Info.plist; sourceTree = "<group>"; };
		0674A2E61C53746700FD85AD /* Food.swift */ = {isa = PBXFileReference; fileEncoding = 4; lastKnownFileType = sourcecode.swift; path = Food.swift; sourceTree = "<group>"; };
		0674A2E81C53757000FD85AD /* Constants.swift */ = {isa = PBXFileReference; fileEncoding = 4; lastKnownFileType = sourcecode.swift; path = Constants.swift; sourceTree = "<group>"; };
		0674A2EA1C55142B00FD85AD /* Snake.swift */ = {isa = PBXFileReference; fileEncoding = 4; lastKnownFileType = sourcecode.swift; path = Snake.swift; sourceTree = "<group>"; };
		0674A2EC1C55E98100FD85AD /* ListBodyItem.swift */ = {isa = PBXFileReference; fileEncoding = 4; lastKnownFileType = sourcecode.swift; path = ListBodyItem.swift; sourceTree = "<group>"; };
/* End PBXFileReference section */

/* Begin PBXFrameworksBuildPhase section */
		0674A2C01C536D9000FD85AD /* Frameworks */ = {
			isa = PBXFrameworksBuildPhase;
			buildActionMask = 2147483647;
			files = (
			);
			runOnlyForDeploymentPostprocessing = 0;
		};
		0674A2D41C536D9000FD85AD /* Frameworks */ = {
			isa = PBXFrameworksBuildPhase;
			buildActionMask = 2147483647;
			files = (
			);
			runOnlyForDeploymentPostprocessing = 0;
		};
/* End PBXFrameworksBuildPhase section */

/* Begin PBXGroup section */
		0674A2BA1C536D9000FD85AD = {
			isa = PBXGroup;
			children = (
				0674A2C51C536D9000FD85AD /* snake */,
				0674A2DA1C536D9000FD85AD /* snakeTests */,
				0674A2C41C536D9000FD85AD /* Products */,
			);
			sourceTree = "<group>";
		};
		0674A2C41C536D9000FD85AD /* Products */ = {
			isa = PBXGroup;
			children = (
				0674A2C31C536D9000FD85AD /* snake.app */,
				0674A2D71C536D9000FD85AD /* snakeTests.xctest */,
			);
			name = Products;
			sourceTree = "<group>";
		};
		0674A2C51C536D9000FD85AD /* snake */ = {
			isa = PBXGroup;
			children = (
				0674A2C61C536D9000FD85AD /* AppDelegate.swift */,
				0674A2C81C536D9000FD85AD /* SnakeViewController.swift */,
				0674A2CA1C536D9000FD85AD /* Main.storyboard */,
				0674A2CD1C536D9000FD85AD /* Assets.xcassets */,
				0674A2CF1C536D9000FD85AD /* LaunchScreen.storyboard */,
				0674A2D21C536D9000FD85AD /* Info.plist */,
				0674A2E61C53746700FD85AD /* Food.swift */,
				0674A2E81C53757000FD85AD /* Constants.swift */,
				0674A2EA1C55142B00FD85AD /* Snake.swift */,
				0674A2EC1C55E98100FD85AD /* ListBodyItem.swift */,
			);
			path = snake;
			sourceTree = "<group>";
		};
		0674A2DA1C536D9000FD85AD /* snakeTests */ = {
			isa = PBXGroup;
			children = (
				0674A2DB1C536D9000FD85AD /* snakeTests.swift */,
				0674A2DD1C536D9000FD85AD /* Info.plist */,
			);
			path = snakeTests;
			sourceTree = "<group>";
		};
/* End PBXGroup section */

/* Begin PBXNativeTarget section */
		0674A2C21C536D9000FD85AD /* snake */ = {
			isa = PBXNativeTarget;
			buildConfigurationList = 0674A2E01C536D9000FD85AD /* Build configuration list for PBXNativeTarget "snake" */;
			buildPhases = (
				0674A2BF1C536D9000FD85AD /* Sources */,
				0674A2C01C536D9000FD85AD /* Frameworks */,
				0674A2C11C536D9000FD85AD /* Resources */,
			);
			buildRules = (
			);
			dependencies = (
			);
			name = snake;
			productName = snake;
			productReference = 0674A2C31C536D9000FD85AD /* snake.app */;
			productType = "com.apple.product-type.application";
		};
		0674A2D61C536D9000FD85AD /* snakeTests */ = {
			isa = PBXNativeTarget;
			buildConfigurationList = 0674A2E31C536D9000FD85AD /* Build configuration list for PBXNativeTarget "snakeTests" */;
			buildPhases = (
				0674A2D31C536D9000FD85AD /* Sources */,
				0674A2D41C536D9000FD85AD /* Frameworks */,
				0674A2D51C536D9000FD85AD /* Resources */,
			);
			buildRules = (
			);
			dependencies = (
				0674A2D91C536D9000FD85AD /* PBXTargetDependency */,
			);
			name = snakeTests;
			productName = snakeTests;
			productReference = 0674A2D71C536D9000FD85AD /* snakeTests.xctest */;
			productType = "com.apple.product-type.bundle.unit-test";
		};
/* End PBXNativeTarget section */

/* Begin PBXProject section */
		0674A2BB1C536D9000FD85AD /* Project object */ = {
			isa = PBXProject;
			attributes = {
				LastSwiftUpdateCheck = 0720;
				LastUpgradeCheck = 0720;
				ORGANIZATIONNAME = littlersmall;
				TargetAttributes = {
					0674A2C21C536D9000FD85AD = {
						CreatedOnToolsVersion = 7.2;
						DevelopmentTeam = Z86N2KJC95;
					};
					0674A2D61C536D9000FD85AD = {
						CreatedOnToolsVersion = 7.2;
						TestTargetID = 0674A2C21C536D9000FD85AD;
					};
				};
			};
			buildConfigurationList = 0674A2BE1C536D9000FD85AD /* Build configuration list for PBXProject "snake" */;
			compatibilityVersion = "Xcode 3.2";
			developmentRegion = English;
			hasScannedForEncodings = 0;
			knownRegions = (
				en,
				Base,
			);
			mainGroup = 0674A2BA1C536D9000FD85AD;
			productRefGroup = 0674A2C41C536D9000FD85AD /* Products */;
			projectDirPath = "";
			projectRoot = "";
			targets = (
				0674A2C21C536D9000FD85AD /* snake */,
				0674A2D61C536D9000FD85AD /* snakeTests */,
			);
		};
/* End PBXProject section */

/* Begin PBXResourcesBuildPhase section */
		0674A2C11C536D9000FD85AD /* Resources */ = {
			isa = PBXResourcesBuildPhase;
			buildActionMask = 2147483647;
			files = (
				0674A2D11C536D9000FD85AD /* LaunchScreen.storyboard in Resources */,
				0674A2CE1C536D9000FD85AD /* Assets.xcassets in Resources */,
				0674A2CC1C536D9000FD85AD /* Main.storyboard in Resources */,
			);
			runOnlyForDeploymentPostprocessing = 0;
		};
		0674A2D51C536D9000FD85AD /* Resources */ = {
			isa = PBXResourcesBuildPhase;
			buildActionMask = 2147483647;
			files = (
			);
			runOnlyForDeploymentPostprocessing = 0;
		};
/* End PBXResourcesBuildPhase section */

/* Begin PBXSourcesBuildPhase section */
		0674A2BF1C536D9000FD85AD /* Sources */ = {
			isa = PBXSourcesBuildPhase;
			buildActionMask = 2147483647;
			files = (
				0674A2C91C536D9000FD85AD /* SnakeViewController.swift in Sources */,
				0674A2E91C53757000FD85AD /* Constants.swift in Sources */,
				0674A2EB1C55142B00FD85AD /* Snake.swift in Sources */,
				0674A2C71C536D9000FD85AD /* AppDelegate.swift in Sources */,
				0674A2ED1C55E98100FD85AD /* ListBodyItem.swift in Sources */,
				0674A2E71C53746700FD85AD /* Food.swift in Sources */,
			);
			runOnlyForDeploymentPostprocessing = 0;
		};
		0674A2D31C536D9000FD85AD /* Sources */ = {
			isa = PBXSourcesBuildPhase;
			buildActionMask = 2147483647;
			files = (
				0674A2DC1C536D9000FD85AD /* snakeTests.swift in Sources */,
			);
			runOnlyForDeploymentPostprocessing = 0;
		};
/* End PBXSourcesBuildPhase section */

/* Begin PBXTargetDependency section */
		0674A2D91C536D9000FD85AD /* PBXTargetDependency */ = {
			isa = PBXTargetDependency;
			target = 0674A2C21C536D9000FD85AD /* snake */;
			targetProxy = 0674A2D81C536D9000FD85AD /* PBXContainerItemProxy */;
		};
/* End PBXTargetDependency section */

/* Begin PBXVariantGroup section */
		0674A2CA1C536D9000FD85AD /* Main.storyboard */ = {
			isa = PBXVariantGroup;
			children = (
				0674A2CB1C536D9000FD85AD /* Base */,
			);
			name = Main.storyboard;
			sourceTree = "<group>";
		};
		0674A2CF1C536D9000FD85AD /* LaunchScreen.storyboard */ = {
			isa = PBXVariantGroup;
			children = (
				0674A2D01C536D9000FD85AD /* Base */,
			);
			name = LaunchScreen.storyboard;
			sourceTree = "<group>";
		};
/* End PBXVariantGroup section */

/* Begin XCBuildConfiguration section */
		0674A2DE1C536D9000FD85AD /* Debug */ = {
			isa = XCBuildConfiguration;
			buildSettings = {
				ALWAYS_SEARCH_USER_PATHS = NO;
				CLANG_CXX_LANGUAGE_STANDARD = "gnu++0x";
				CLANG_CXX_LIBRARY = "libc++";
				CLANG_ENABLE_MODULES = YES;
				CLANG_ENABLE_OBJC_ARC = YES;
				CLANG_WARN_BOOL_CONVERSION = YES;
				CLANG_WARN_CONSTANT_CONVERSION = YES;
				CLANG_WARN_DIRECT_OBJC_ISA_USAGE = YES_ERROR;
				CLANG_WARN_EMPTY_BODY = YES;
				CLANG_WARN_ENUM_CONVERSION = YES;
				CLANG_WARN_INT_CONVERSION = YES;
				CLANG_WARN_OBJC_ROOT_CLASS = YES_ERROR;
				CLANG_WARN_UNREACHABLE_CODE = YES;
				CLANG_WARN__DUPLICATE_METHOD_MATCH = YES;
				"CODE_SIGN_IDENTITY[sdk=iphoneos*]" = "iPhone Developer";
				COPY_PHASE_STRIP = NO;
				DEBUG_INFORMATION_FORMAT = dwarf;
				ENABLE_STRICT_OBJC_MSGSEND = YES;
				ENABLE_TESTABILITY = YES;
				GCC_C_LANGUAGE_STANDARD = gnu99;
				GCC_DYNAMIC_NO_PIC = NO;
				GCC_NO_COMMON_BLOCKS = YES;
				GCC_OPTIMIZATION_LEVEL = 0;
				GCC_PREPROCESSOR_DEFINITIONS = (
					"DEBUG=1",
					"$(inherited)",
				);
				GCC_WARN_64_TO_32_BIT_CONVERSION = YES;
				GCC_WARN_ABOUT_RETURN_TYPE = YES_ERROR;
				GCC_WARN_UNDECLARED_SELECTOR = YES;
				GCC_WARN_UNINITIALIZED_AUTOS = YES_AGGRESSIVE;
				GCC_WARN_UNUSED_FUNCTION = YES;
				GCC_WARN_UNUSED_VARIABLE = YES;
				IPHONEOS_DEPLOYMENT_TARGET = 9.2;
				MTL_ENABLE_DEBUG_INFO = YES;
				ONLY_ACTIVE_ARCH = YES;
				SDKROOT = iphoneos;
				SWIFT_OPTIMIZATION_LEVEL = "-Onone";
				TARGETED_DEVICE_FAMILY = "1,2";
			};
			name = Debug;
		};
		0674A2DF1C536D9000FD85AD /* Release */ = {
			isa = XCBuildConfiguration;
			buildSettings = {
				ALWAYS_SEARCH_USER_PATHS = NO;
				CLANG_CXX_LANGUAGE_STANDARD = "gnu++0x";
				CLANG_CXX_LIBRARY = "libc++";
				CLANG_ENABLE_MODULES = YES;
				CLANG_ENABLE_OBJC_ARC = YES;
				CLANG_WARN_BOOL_CONVERSION = YES;
				CLANG_WARN_CONSTANT_CONVERSION = YES;
				CLANG_WARN_DIRECT_OBJC_ISA_USAGE = YES_ERROR;
				CLANG_WARN_EMPTY_BODY = YES;
				CLANG_WARN_ENUM_CONVERSION = YES;
				CLANG_WARN_INT_CONVERSION = YES;
				CLANG_WARN_OBJC_ROOT_CLASS = YES_ERROR;
				CLANG_WARN_UNREACHABLE_CODE = YES;
				CLANG_WARN__DUPLICATE_METHOD_MATCH = YES;
				"CODE_SIGN_IDENTITY[sdk=iphoneos*]" = "iPhone Developer";
				COPY_PHASE_STRIP = NO;
				DEBUG_INFORMATION_FORMAT = "dwarf-with-dsym";
				ENABLE_NS_ASSERTIONS = NO;
				ENABLE_STRICT_OBJC_MSGSEND = YES;
				GCC_C_LANGUAGE_STANDARD = gnu99;
				GCC_NO_COMMON_BLOCKS = YES;
				GCC_WARN_64_TO_32_BIT_CONVERSION = YES;
				GCC_WARN_ABOUT_RETURN_TYPE = YES_ERROR;
				GCC_WARN_UNDECLARED_SELECTOR = YES;
				GCC_WARN_UNINITIALIZED_AUTOS = YES_AGGRESSIVE;
				GCC_WARN_UNUSED_FUNCTION = YES;
				GCC_WARN_UNUSED_VARIABLE = YES;
				IPHONEOS_DEPLOYMENT_TARGET = 9.2;
				MTL_ENABLE_DEBUG_INFO = NO;
				SDKROOT = iphoneos;
				TARGETED_DEVICE_FAMILY = "1,2";
				VALIDATE_PRODUCT = YES;
			};
			name = Release;
		};
		0674A2E11C536D9000FD85AD /* Debug */ = {
			isa = XCBuildConfiguration;
			buildSettings = {
				ASSETCATALOG_COMPILER_APPICON_NAME = AppIcon;
				CODE_SIGN_IDENTITY = "iPhone Developer";
				"CODE_SIGN_IDENTITY[sdk=iphoneos*]" = "iPhone Developer";
				INFOPLIST_FILE = snake/Info.plist;
				LD_RUNPATH_SEARCH_PATHS = "$(inherited) @executable_path/Frameworks";
				PRODUCT_BUNDLE_IDENTIFIER = uestc.snake;
				PRODUCT_NAME = "$(TARGET_NAME)";
				PROVISIONING_PROFILE = "";
			};
			name = Debug;
		};
		0674A2E21C536D9000FD85AD /* Release */ = {
			isa = XCBuildConfiguration;
			buildSettings = {
				ASSETCATALOG_COMPILER_APPICON_NAME = AppIcon;
				CODE_SIGN_IDENTITY = "iPhone Developer";
				"CODE_SIGN_IDENTITY[sdk=iphoneos*]" = "iPhone Developer";
				INFOPLIST_FILE = snake/Info.plist;
				LD_RUNPATH_SEARCH_PATHS = "$(inherited) @executable_path/Frameworks";
				PRODUCT_BUNDLE_IDENTIFIER = uestc.snake;
				PRODUCT_NAME = "$(TARGET_NAME)";
				PROVISIONING_PROFILE = "";
			};
			name = Release;
		};
		0674A2E41C536D9000FD85AD /* Debug */ = {
			isa = XCBuildConfiguration;
			buildSettings = {
				BUNDLE_LOADER = "$(TEST_HOST)";
				INFOPLIST_FILE = snakeTests/Info.plist;
				LD_RUNPATH_SEARCH_PATHS = "$(inherited) @executable_path/Frameworks @loader_path/Frameworks";
				PRODUCT_BUNDLE_IDENTIFIER = uestc.snakeTests;
				PRODUCT_NAME = "$(TARGET_NAME)";
				TEST_HOST = "$(BUILT_PRODUCTS_DIR)/snake.app/snake";
			};
			name = Debug;
		};
		0674A2E51C536D9000FD85AD /* Release */ = {
			isa = XCBuildConfiguration;
			buildSettings = {
				BUNDLE_LOADER = "$(TEST_HOST)";
				INFOPLIST_FILE = snakeTests/Info.plist;
				LD_RUNPATH_SEARCH_PATHS = "$(inherited) @executable_path/Frameworks @loader_path/Frameworks";
				PRODUCT_BUNDLE_IDENTIFIER = uestc.snakeTests;
				PRODUCT_NAME = "$(TARGET_NAME)";
				TEST_HOST = "$(BUILT_PRODUCTS_DIR)/snake.app/snake";
			};
			name = Release;
		};
/* End XCBuildConfiguration section */

/* Begin XCConfigurationList section */
		0674A2BE1C536D9000FD85AD /* Build configuration list for PBXProject "snake" */ = {
			isa = XCConfigurationList;
			buildConfigurations = (
				0674A2DE1C536D9000FD85AD /* Debug */,
				0674A2DF1C536D9000FD85AD /* Release */,
			);
			defaultConfigurationIsVisible = 0;
			defaultConfigurationName = Release;
		};
		0674A2E01C536D9000FD85AD /* Build configuration list for PBXNativeTarget "snake" */ = {
			isa = XCConfigurationList;
			buildConfigurations = (
				0674A2E11C536D9000FD85AD /* Debug */,
				0674A2E21C536D9000FD85AD /* Release */,
			);
			defaultConfigurationIsVisible = 0;
			defaultConfigurationName = Release;
		};
		0674A2E31C536D9000FD85AD /* Build configuration list for PBXNativeTarget "snakeTests" */ = {
			isa = XCConfigurationList;
			buildConfigurations = (
				0674A2E41C536D9000FD85AD /* Debug */,
				0674A2E51C536D9000FD85AD /* Release */,
			);
			defaultConfigurationIsVisible = 0;
			defaultConfigurationName = Release;
		};
/* End XCConfigurationList section */
	};
	rootObject = 0674A2BB1C536D9000FD85AD /* Project object */;
}
